
Microsoft Visual Studio Solution File, Format Version 12.00
# Visual Studio 15
VisualStudioVersion = 15.0.28010.2016
MinimumVisualStudioVersion = 10.0.40219.1
Project("{FAE04EC0-301F-11D3-BF4B-00C04F79EFBC}") = "HolaUADEO", "HolaUADEO\HolaUADEO.csproj", "{0630FCEC-9F4F-4C02-A8B4-BB4656B4B9FB}"
EndProject
Project("{FAE04EC0-301F-11D3-BF4B-00C04F79EFBC}") = "HolaWindowsForms", "HolaWindowsForms\HolaWindowsForms.csproj", "{E4DC24A2-9382-4667-8FBA-E55F93F320DF}"
EndProject
Project("{FAE04EC0-301F-11D3-BF4B-00C04F79EFBC}") = "ProyectoFinal", "ProyectoFinal\ProyectoFinal.csproj", "{FAA18067-1FCF-4D4D-BF50-918BF30AF90C}"
EndProject
Global
	GlobalSection(SolutionConfigurationPlatforms) = preSolution
		Debug|Any CPU = Debug|Any CPU
		Release|Any CPU = Release|Any CPU
	EndGlobalSection
	GlobalSection(ProjectConfigurationPlatforms) = postSolution
		{0630FCEC-9F4F-4C02-A8B4-BB4656B4B9FB}.Debug|Any CPU.ActiveCfg = Debug|Any CPU
		{0630FCEC-9F4F-4C02-A8B4-BB4656B4B9FB}.Debug|Any CPU.Build.0 = Debug|Any CPU
		{0630FCEC-9F4F-4C02-A8B4-BB4656B4B9FB}.Release|Any CPU.ActiveCfg = Release|Any CPU
		{0630FCEC-9F4F-4C02-A8B4-BB4656B4B9FB}.Release|Any CPU.Build.0 = Release|Any CPU
		{E4DC24A2-9382-4667-8FBA-E55F93F320DF}.Debug|Any CPU.ActiveCfg = Debug|Any CPU
		{E4DC24A2-9382-4667-8FBA-E55F93F320DF}.Debug|Any CPU.Build.0 = Debug|Any CPU
		{E4DC24A2-9382-4667-8FBA-E55F93F320DF}.Release|Any CPU.ActiveCfg = Release|Any CPU
		{E4DC24A2-9382-4667-8FBA-E55F93F320DF}.Release|Any CPU.Build.0 = Release|Any CPU
		{FAA18067-1FCF-4D4D-BF50-918BF30AF90C}.Debug|Any CPU.ActiveCfg = Debug|Any CPU
		{FAA18067-1FCF-4D4D-BF50-918BF30AF90C}.Debug|Any CPU.Build.0 = Debug|Any CPU
		{FAA18067-1FCF-4D4D-BF50-918BF30AF90C}.Release|Any CPU.ActiveCfg = Release|Any CPU
		{FAA18067-1FCF-4D4D-BF50-918BF30AF90C}.Release|Any CPU.Build.0 = Release|Any CPU
	EndGlobalSection
	GlobalSection(SolutionProperties) = preSolution
		HideSolutionNode = FALSE
	EndGlobalSection
	GlobalSection(ExtensibilityGlobals) = postSolution
		SolutionGuid = {8461BB4A-9CA6-4149-A32E-45077BE1C203}
	EndGlobalSection
EndGlobal
